
Microsoft Visual Studio Solution File, Format Version 11.00
# Visual Studio 2010
Project("{FAE04EC0-301F-11D3-BF4B-00C04F79EFBC}") = "ToontownMulticontroller", "Controller.csproj", "{42560A40-D0C8-4FFA-90C2-4AF0AE63D5A1}"
EndProject
Global
	GlobalSection(SolutionConfigurationPlatforms) = preSolution
		Debug|Any CPU = Debug|Any CPU
		Release|Any CPU = Release|Any CPU
	EndGlobalSection
	GlobalSection(ProjectConfigurationPlatforms) = postSolution
		{42560A40-D0C8-4FFA-90C2-4AF0AE63D5A1}.Debug|Any CPU.ActiveCfg = Debug|Any CPU
		{42560A40-D0C8-4FFA-90C2-4AF0AE63D5A1}.Debug|Any CPU.Build.0 = Debug|Any CPU
		{42560A40-D0C8-4FFA-90C2-4AF0AE63D5A1}.Release|Any CPU.ActiveCfg = Release|Any CPU
		{42560A40-D0C8-4FFA-90C2-4AF0AE63D5A1}.Release|Any CPU.Build.0 = Release|Any CPU
	EndGlobalSection
	GlobalSection(SolutionProperties) = preSolution
		HideSolutionNode = FALSE
	EndGlobalSection
EndGlobal
